
Microsoft Visual Studio Solution File, Format Version 12.00
# Visual Studio 15
VisualStudioVersion = 15.0.27703.2035
MinimumVisualStudioVersion = 10.0.40219.1
Project("{E24C65DC-7377-472B-9ABA-BC803B73C61A}") = "JobPortalWebsite", "JobPortalWebsite\", "{48443C87-1AFD-4202-8E69-DBFEF04D6DEF}"
	ProjectSection(WebsiteProperties) = preProject
		TargetFrameworkMoniker = ".NETFramework,Version%3Dv4.0"
		Debug.AspNetCompiler.VirtualPath = "/localhost_51573"
		Debug.AspNetCompiler.PhysicalPath = "JobPortalWebsite\"
		Debug.AspNetCompiler.TargetPath = "PrecompiledWeb\localhost_51573\"
		Debug.AspNetCompiler.Updateable = "true"
		Debug.AspNetCompiler.ForceOverwrite = "true"
		Debug.AspNetCompiler.FixedNames = "false"
		Debug.AspNetCompiler.Debug = "True"
		Release.AspNetCompiler.VirtualPath = "/localhost_51573"
		Release.AspNetCompiler.PhysicalPath = "JobPortalWebsite\"
		Release.AspNetCompiler.TargetPath = "PrecompiledWeb\localhost_51573\"
		Release.AspNetCompiler.Updateable = "true"
		Release.AspNetCompiler.ForceOverwrite = "true"
		Release.AspNetCompiler.FixedNames = "false"
		Release.AspNetCompiler.Debug = "False"
		VWDPort = "51573"
		SlnRelativePath = "JobPortalWebsite\"
		DefaultWebSiteLanguage = "Visual C#"
	EndProjectSection
EndProject
Global
	GlobalSection(SolutionConfigurationPlatforms) = preSolution
		Debug|Any CPU = Debug|Any CPU
	EndGlobalSection
	GlobalSection(ProjectConfigurationPlatforms) = postSolution
		{48443C87-1AFD-4202-8E69-DBFEF04D6DEF}.Debug|Any CPU.ActiveCfg = Debug|Any CPU
		{48443C87-1AFD-4202-8E69-DBFEF04D6DEF}.Debug|Any CPU.Build.0 = Debug|Any CPU
	EndGlobalSection
	GlobalSection(SolutionProperties) = preSolution
		HideSolutionNode = FALSE
	EndGlobalSection
	GlobalSection(ExtensibilityGlobals) = postSolution
		SolutionGuid = {76057AA3-0968-4617-997B-02A766FC1D50}
	EndGlobalSection
EndGlobal
